
Microsoft Visual Studio Solution File, Format Version 12.00
# Visual Studio Version 17
VisualStudioVersion = 17.5.002.0
MinimumVisualStudioVersion = 10.0.40219.1
Project("{2150E333-8FDC-42A3-9474-1A3956D46DE8}") = "backend", "backend", "{19ADD317-AF38-4AE3-AD56-19640A180035}"
EndProject
Project("{9A19103F-16F7-4668-BE54-9A1E7A4F7556}") = "FishVault.Api", "backend\FishVault.Api\FishVault.Api.csproj", "{05CDB01A-431C-4FFC-8223-09B7C03DAC14}"
EndProject
Global
	GlobalSection(SolutionConfigurationPlatforms) = preSolution
		Debug|Any CPU = Debug|Any CPU
		Release|Any CPU = Release|Any CPU
	EndGlobalSection
	GlobalSection(ProjectConfigurationPlatforms) = postSolution
		{05CDB01A-431C-4FFC-8223-09B7C03DAC14}.Debug|Any CPU.ActiveCfg = Debug|Any CPU
		{05CDB01A-431C-4FFC-8223-09B7C03DAC14}.Debug|Any CPU.Build.0 = Debug|Any CPU
		{05CDB01A-431C-4FFC-8223-09B7C03DAC14}.Release|Any CPU.ActiveCfg = Release|Any CPU
		{05CDB01A-431C-4FFC-8223-09B7C03DAC14}.Release|Any CPU.Build.0 = Release|Any CPU
	EndGlobalSection
	GlobalSection(SolutionProperties) = preSolution
		HideSolutionNode = FALSE
	EndGlobalSection
	GlobalSection(NestedProjects) = preSolution
		{05CDB01A-431C-4FFC-8223-09B7C03DAC14} = {19ADD317-AF38-4AE3-AD56-19640A180035}
	EndGlobalSection
	GlobalSection(ExtensibilityGlobals) = postSolution
		SolutionGuid = {206D9B71-2B65-4907-B9EA-4FB6EF2D8E53}
	EndGlobalSection
EndGlobal
